
Microsoft Visual Studio Solution File, Format Version 12.00
# Visual Studio Version 17
VisualStudioVersion = 17.1.32228.430
MinimumVisualStudioVersion = 10.0.40219.1
Project("{8BC9CEB8-8B4A-11D0-8D11-00A0C91BC942}") = "eth++", "eth++\eth++.vcxproj", "{3A88D120-AE7A-4CFF-827A-0CFFE55377FD}"
EndProject
Global
	GlobalSection(SolutionConfigurationPlatforms) = preSolution
		Debug|x64 = Debug|x64
		Debug|x86 = Debug|x86
		Release|x64 = Release|x64
		Release|x86 = Release|x86
	EndGlobalSection
	GlobalSection(ProjectConfigurationPlatforms) = postSolution
		{3A88D120-AE7A-4CFF-827A-0CFFE55377FD}.Debug|x64.ActiveCfg = Debug|x64
		{3A88D120-AE7A-4CFF-827A-0CFFE55377FD}.Debug|x64.Build.0 = Debug|x64
		{3A88D120-AE7A-4CFF-827A-0CFFE55377FD}.Debug|x86.ActiveCfg = Debug|Win32
		{3A88D120-AE7A-4CFF-827A-0CFFE55377FD}.Debug|x86.Build.0 = Debug|Win32
		{3A88D120-AE7A-4CFF-827A-0CFFE55377FD}.Release|x64.ActiveCfg = Release|x64
		{3A88D120-AE7A-4CFF-827A-0CFFE55377FD}.Release|x64.Build.0 = Release|x64
		{3A88D120-AE7A-4CFF-827A-0CFFE55377FD}.Release|x86.ActiveCfg = Release|Win32
		{3A88D120-AE7A-4CFF-827A-0CFFE55377FD}.Release|x86.Build.0 = Release|Win32
	EndGlobalSection
	GlobalSection(SolutionProperties) = preSolution
		HideSolutionNode = FALSE
	EndGlobalSection
	GlobalSection(ExtensibilityGlobals) = postSolution
		SolutionGuid = {87946FCB-7FC9-4145-9E7E-3B27A27DAE2D}
	EndGlobalSection
EndGlobal
