
Microsoft Visual Studio Solution File, Format Version 12.00
# Visual Studio Version 17
VisualStudioVersion = 17.1.32228.430
MinimumVisualStudioVersion = 10.0.40219.1
Project("{8BC9CEB8-8B4A-11D0-8D11-00A0C91BC942}") = "eth", "eth\eth.vcxproj", "{730AFD60-F730-4F75-B5BF-9AC4F5388790}"
EndProject
Project("{8BC9CEB8-8B4A-11D0-8D11-00A0C91BC942}") = "BlockFinder", "BlockFinder\BlockFinder.vcxproj", "{B63EEE1B-F020-47E2-AA46-A93B681BEF55}"
EndProject
Global
	GlobalSection(SolutionConfigurationPlatforms) = preSolution
		Debug|x64 = Debug|x64
		Debug|x86 = Debug|x86
		Release|x64 = Release|x64
		Release|x86 = Release|x86
	EndGlobalSection
	GlobalSection(ProjectConfigurationPlatforms) = postSolution
		{730AFD60-F730-4F75-B5BF-9AC4F5388790}.Debug|x64.ActiveCfg = Debug|x64
		{730AFD60-F730-4F75-B5BF-9AC4F5388790}.Debug|x64.Build.0 = Debug|x64
		{730AFD60-F730-4F75-B5BF-9AC4F5388790}.Debug|x86.ActiveCfg = Debug|Win32
		{730AFD60-F730-4F75-B5BF-9AC4F5388790}.Debug|x86.Build.0 = Debug|Win32
		{730AFD60-F730-4F75-B5BF-9AC4F5388790}.Release|x64.ActiveCfg = Release|x64
		{730AFD60-F730-4F75-B5BF-9AC4F5388790}.Release|x64.Build.0 = Release|x64
		{730AFD60-F730-4F75-B5BF-9AC4F5388790}.Release|x86.ActiveCfg = Release|Win32
		{730AFD60-F730-4F75-B5BF-9AC4F5388790}.Release|x86.Build.0 = Release|Win32
		{B63EEE1B-F020-47E2-AA46-A93B681BEF55}.Debug|x64.ActiveCfg = Debug|x64
		{B63EEE1B-F020-47E2-AA46-A93B681BEF55}.Debug|x64.Build.0 = Debug|x64
		{B63EEE1B-F020-47E2-AA46-A93B681BEF55}.Debug|x86.ActiveCfg = Debug|x64
		{B63EEE1B-F020-47E2-AA46-A93B681BEF55}.Debug|x86.Build.0 = Debug|x64
		{B63EEE1B-F020-47E2-AA46-A93B681BEF55}.Release|x64.ActiveCfg = Release|x64
		{B63EEE1B-F020-47E2-AA46-A93B681BEF55}.Release|x64.Build.0 = Release|x64
		{B63EEE1B-F020-47E2-AA46-A93B681BEF55}.Release|x86.ActiveCfg = Release|x64
		{B63EEE1B-F020-47E2-AA46-A93B681BEF55}.Release|x86.Build.0 = Release|x64
	EndGlobalSection
	GlobalSection(SolutionProperties) = preSolution
		HideSolutionNode = FALSE
	EndGlobalSection
	GlobalSection(ExtensibilityGlobals) = postSolution
		SolutionGuid = {87946FCB-7FC9-4145-9E7E-3B27A27DAE2D}
	EndGlobalSection
EndGlobal
