<?xml version="1.0" encoding="utf-8"?>
<Project ToolsVersion="4.0" xmlns="http://schemas.microsoft.com/developer/msbuild/2003">
  <ItemGroup>
    <Filter Include="eth++">
      <UniqueIdentifier>{ad67f106-5b62-4d7c-a028-3c14ffb8114a}</UniqueIdentifier>
    </Filter>
  </ItemGroup>
  <ItemGroup>
    <ClInclude Include="rpc.ixx">
      <Filter>eth++</Filter>
    </ClInclude>
  </ItemGroup>
  <ItemGroup>
    <ClCompile Include="Module.ixx">
      <Filter>eth++</Filter>
    </ClCompile>
  </ItemGroup>
</Project>